<?xml version="1.0" encoding="utf-8"?>
<Project ToolsVersion="4.0" xmlns="http://schemas.microsoft.com/developer/msbuild/2003">
  <ItemGroup>
    <Filter Include="ソース ファイル">
      <UniqueIdentifier>{4FC737F1-C7A5-4376-A066-2A32D752A2FF}</UniqueIdentifier>
      <Extensions>cpp;c;cc;cxx;c++;cppm;ixx;def;odl;idl;hpj;bat;asm;asmx</Extensions>
    </Filter>
    <Filter Include="ソース ファイル\Utility">
      <UniqueIdentifier>{e582a9de-ae62-4d8a-b8a7-07316ea8efee}</UniqueIdentifier>
    </Filter>
    <Filter Include="ソース ファイル\Window">
      <UniqueIdentifier>{2391f832-798b-4eef-8bd0-8cb2fc159c5c}</UniqueIdentifier>
    </Filter>
    <Filter Include="ソース ファイル\StandardTemplateLibrary">
      <UniqueIdentifier>{043d254e-f367-42e6-a0d0-ee61e8e49119}</UniqueIdentifier>
    </Filter>
  </ItemGroup>
  <ItemGroup>
    <ClCompile Include="Source\main.cpp">
      <Filter>ソース ファイル</Filter>
    </ClCompile>
    <ClCompile Include="Source\Application.cpp">
      <Filter>ソース ファイル</Filter>
    </ClCompile>
    <ClCompile Include="Source\Utility\Utility.cpp">
      <Filter>ソース ファイル\Utility</Filter>
    </ClCompile>
    <ClCompile Include="Source\Window\Window.cpp">
      <Filter>ソース ファイル\Window</Filter>
    </ClCompile>
    <ClCompile Include="Source\StandardTemplateLibrary\String.cpp">
      <Filter>ソース ファイル\StandardTemplateLibrary</Filter>
    </ClCompile>
  </ItemGroup>
  <ItemGroup>
    <ClInclude Include="Source\Application.h">
      <Filter>ソース ファイル</Filter>
    </ClInclude>
    <ClInclude Include="Source\Utility\Utility.h">
      <Filter>ソース ファイル\Utility</Filter>
    </ClInclude>
    <ClInclude Include="Source\Window\Window.h">
      <Filter>ソース ファイル\Window</Filter>
    </ClInclude>
    <ClInclude Include="Source\StandardTemplateLibrary\String.h">
      <Filter>ソース ファイル\StandardTemplateLibrary</Filter>
    </ClInclude>
  </ItemGroup>
</Project>